
Microsoft Visual Studio Solution File, Format Version 12.00
# Visual Studio Version 17
VisualStudioVersion = 17.2.32526.322
MinimumVisualStudioVersion = 10.0.40219.1
Project("{9A19103F-16F7-4668-BE54-9A1E7A4F7556}") = "CardGame", "CardGame\CardGame.csproj", "{F685E5E1-061E-4AF4-95B5-E81B4619A815}"
EndProject
Project("{FAE04EC0-301F-11D3-BF4B-00C04F79EFBC}") = "CardGame.Test", "CardGame.Test\CardGame.Test.csproj", "{1611AED5-2A9B-46EB-8B3F-ECEAEA356672}"
EndProject
Global
	GlobalSection(SolutionConfigurationPlatforms) = preSolution
		Debug|Any CPU = Debug|Any CPU
		Release|Any CPU = Release|Any CPU
	EndGlobalSection
	GlobalSection(ProjectConfigurationPlatforms) = postSolution
		{F685E5E1-061E-4AF4-95B5-E81B4619A815}.Debug|Any CPU.ActiveCfg = Debug|Any CPU
		{F685E5E1-061E-4AF4-95B5-E81B4619A815}.Debug|Any CPU.Build.0 = Debug|Any CPU
		{F685E5E1-061E-4AF4-95B5-E81B4619A815}.Release|Any CPU.ActiveCfg = Release|Any CPU
		{F685E5E1-061E-4AF4-95B5-E81B4619A815}.Release|Any CPU.Build.0 = Release|Any CPU
		{1611AED5-2A9B-46EB-8B3F-ECEAEA356672}.Debug|Any CPU.ActiveCfg = Debug|Any CPU
		{1611AED5-2A9B-46EB-8B3F-ECEAEA356672}.Debug|Any CPU.Build.0 = Debug|Any CPU
		{1611AED5-2A9B-46EB-8B3F-ECEAEA356672}.Release|Any CPU.ActiveCfg = Release|Any CPU
		{1611AED5-2A9B-46EB-8B3F-ECEAEA356672}.Release|Any CPU.Build.0 = Release|Any CPU
	EndGlobalSection
	GlobalSection(SolutionProperties) = preSolution
		HideSolutionNode = FALSE
	EndGlobalSection
	GlobalSection(ExtensibilityGlobals) = postSolution
		SolutionGuid = {9D46F4EB-BFDB-40B6-9415-FECDEF13E5A6}
	EndGlobalSection
EndGlobal
